
Microsoft Visual Studio Solution File, Format Version 12.00
# Visual Studio Version 16
VisualStudioVersion = 16.0.30804.86
MinimumVisualStudioVersion = 10.0.40219.1
Project("{9A19103F-16F7-4668-BE54-9A1E7A4F7556}") = "Ex1_ArrayList_NongenericCollections", "Ex1_ArrayList\Ex1_ArrayList_NongenericCollections.csproj", "{B8B40E89-29E0-4B75-BAB3-EAF9FF7B13B0}"
EndProject
Project("{9A19103F-16F7-4668-BE54-9A1E7A4F7556}") = "Ex2_List_GenericCollections", "Ex2_List_GenericCollections\Ex2_List_GenericCollections.csproj", "{F11B3943-C90C-4C98-9C0B-683C4D2F7BF9}"
EndProject
Project("{9A19103F-16F7-4668-BE54-9A1E7A4F7556}") = "Ex3_Stack", "Ex3_Stack\Ex3_Stack.csproj", "{F4307B0E-8BF3-4879-97F8-809A7BF617C1}"
EndProject
Project("{9A19103F-16F7-4668-BE54-9A1E7A4F7556}") = "Ex4_Queue", "Ex4_Queue\Ex4_Queue.csproj", "{CDF78D83-3D91-45F7-9C64-51A9B73F21D0}"
EndProject
Project("{9A19103F-16F7-4668-BE54-9A1E7A4F7556}") = "Ex5_SortedSet", "Ex5_SortedSet\Ex5_SortedSet.csproj", "{EF74DD84-E29B-45B7-B8F7-EED9F42E6BD7}"
EndProject
Project("{9A19103F-16F7-4668-BE54-9A1E7A4F7556}") = "Ex6_Dictionary", "Ex6_Dictionary\Ex6_Dictionary.csproj", "{50AD4154-EDD5-4AA3-8F6B-F35DBCF30FAB}"
EndProject
Project("{9A19103F-16F7-4668-BE54-9A1E7A4F7556}") = "Ex7_CreatingCustomGenericMethods", "Ex7_CreatingCustomGenericMethods\Ex7_CreatingCustomGenericMethods.csproj", "{D205ECB2-DD63-4F64-9F58-AAD62A8E115E}"
EndProject
Project("{9A19103F-16F7-4668-BE54-9A1E7A4F7556}") = "Ex9_CreatingCustomGenericClasses", "Ex9_CreatingCustomGenericClasses\Ex9_CreatingCustomGenericClasses.csproj", "{785670EE-43F2-424D-B1D2-AF2CDC68C18F}"
EndProject
Project("{FAE04EC0-301F-11D3-BF4B-00C04F79EFBC}") = "Ex5_SortedSet2", "Ex5_SortedSet2\Ex5_SortedSet2.csproj", "{5E26E27D-BB86-4CCD-B796-C26463AB7366}"
EndProject
Project("{FAE04EC0-301F-11D3-BF4B-00C04F79EFBC}") = "Ex5_SortList3", "Ex5_SortList3\Ex5_SortList3.csproj", "{2977074E-F2EC-4D23-9C06-76E783354371}"
EndProject
Project("{FAE04EC0-301F-11D3-BF4B-00C04F79EFBC}") = "Ex5_SortList4", "Ex5_SortList4\Ex5_SortList4.csproj", "{39FC694B-1EEA-42DD-ABEB-61233D34C321}"
EndProject
Project("{FAE04EC0-301F-11D3-BF4B-00C04F79EFBC}") = "Ex6_SortedDictionary2", "Ex6_SortedDictionary2\Ex6_SortedDictionary2.csproj", "{9D9AA62D-69AE-439F-974A-BA8A71A7BEA0}"
EndProject
Global
	GlobalSection(SolutionConfigurationPlatforms) = preSolution
		Debug|Any CPU = Debug|Any CPU
		Release|Any CPU = Release|Any CPU
	EndGlobalSection
	GlobalSection(ProjectConfigurationPlatforms) = postSolution
		{B8B40E89-29E0-4B75-BAB3-EAF9FF7B13B0}.Debug|Any CPU.ActiveCfg = Debug|Any CPU
		{B8B40E89-29E0-4B75-BAB3-EAF9FF7B13B0}.Debug|Any CPU.Build.0 = Debug|Any CPU
		{B8B40E89-29E0-4B75-BAB3-EAF9FF7B13B0}.Release|Any CPU.ActiveCfg = Release|Any CPU
		{B8B40E89-29E0-4B75-BAB3-EAF9FF7B13B0}.Release|Any CPU.Build.0 = Release|Any CPU
		{F11B3943-C90C-4C98-9C0B-683C4D2F7BF9}.Debug|Any CPU.ActiveCfg = Debug|Any CPU
		{F11B3943-C90C-4C98-9C0B-683C4D2F7BF9}.Debug|Any CPU.Build.0 = Debug|Any CPU
		{F11B3943-C90C-4C98-9C0B-683C4D2F7BF9}.Release|Any CPU.ActiveCfg = Release|Any CPU
		{F11B3943-C90C-4C98-9C0B-683C4D2F7BF9}.Release|Any CPU.Build.0 = Release|Any CPU
		{F4307B0E-8BF3-4879-97F8-809A7BF617C1}.Debug|Any CPU.ActiveCfg = Debug|Any CPU
		{F4307B0E-8BF3-4879-97F8-809A7BF617C1}.Debug|Any CPU.Build.0 = Debug|Any CPU
		{F4307B0E-8BF3-4879-97F8-809A7BF617C1}.Release|Any CPU.ActiveCfg = Release|Any CPU
		{F4307B0E-8BF3-4879-97F8-809A7BF617C1}.Release|Any CPU.Build.0 = Release|Any CPU
		{CDF78D83-3D91-45F7-9C64-51A9B73F21D0}.Debug|Any CPU.ActiveCfg = Debug|Any CPU
		{CDF78D83-3D91-45F7-9C64-51A9B73F21D0}.Debug|Any CPU.Build.0 = Debug|Any CPU
		{CDF78D83-3D91-45F7-9C64-51A9B73F21D0}.Release|Any CPU.ActiveCfg = Release|Any CPU
		{CDF78D83-3D91-45F7-9C64-51A9B73F21D0}.Release|Any CPU.Build.0 = Release|Any CPU
		{EF74DD84-E29B-45B7-B8F7-EED9F42E6BD7}.Debug|Any CPU.ActiveCfg = Debug|Any CPU
		{EF74DD84-E29B-45B7-B8F7-EED9F42E6BD7}.Debug|Any CPU.Build.0 = Debug|Any CPU
		{EF74DD84-E29B-45B7-B8F7-EED9F42E6BD7}.Release|Any CPU.ActiveCfg = Release|Any CPU
		{EF74DD84-E29B-45B7-B8F7-EED9F42E6BD7}.Release|Any CPU.Build.0 = Release|Any CPU
		{50AD4154-EDD5-4AA3-8F6B-F35DBCF30FAB}.Debug|Any CPU.ActiveCfg = Debug|Any CPU
		{50AD4154-EDD5-4AA3-8F6B-F35DBCF30FAB}.Debug|Any CPU.Build.0 = Debug|Any CPU
		{50AD4154-EDD5-4AA3-8F6B-F35DBCF30FAB}.Release|Any CPU.ActiveCfg = Release|Any CPU
		{50AD4154-EDD5-4AA3-8F6B-F35DBCF30FAB}.Release|Any CPU.Build.0 = Release|Any CPU
		{D205ECB2-DD63-4F64-9F58-AAD62A8E115E}.Debug|Any CPU.ActiveCfg = Debug|Any CPU
		{D205ECB2-DD63-4F64-9F58-AAD62A8E115E}.Debug|Any CPU.Build.0 = Debug|Any CPU
		{D205ECB2-DD63-4F64-9F58-AAD62A8E115E}.Release|Any CPU.ActiveCfg = Release|Any CPU
		{D205ECB2-DD63-4F64-9F58-AAD62A8E115E}.Release|Any CPU.Build.0 = Release|Any CPU
		{785670EE-43F2-424D-B1D2-AF2CDC68C18F}.Debug|Any CPU.ActiveCfg = Debug|Any CPU
		{785670EE-43F2-424D-B1D2-AF2CDC68C18F}.Debug|Any CPU.Build.0 = Debug|Any CPU
		{785670EE-43F2-424D-B1D2-AF2CDC68C18F}.Release|Any CPU.ActiveCfg = Release|Any CPU
		{785670EE-43F2-424D-B1D2-AF2CDC68C18F}.Release|Any CPU.Build.0 = Release|Any CPU
		{5E26E27D-BB86-4CCD-B796-C26463AB7366}.Debug|Any CPU.ActiveCfg = Debug|Any CPU
		{5E26E27D-BB86-4CCD-B796-C26463AB7366}.Debug|Any CPU.Build.0 = Debug|Any CPU
		{5E26E27D-BB86-4CCD-B796-C26463AB7366}.Release|Any CPU.ActiveCfg = Release|Any CPU
		{5E26E27D-BB86-4CCD-B796-C26463AB7366}.Release|Any CPU.Build.0 = Release|Any CPU
		{2977074E-F2EC-4D23-9C06-76E783354371}.Debug|Any CPU.ActiveCfg = Debug|Any CPU
		{2977074E-F2EC-4D23-9C06-76E783354371}.Debug|Any CPU.Build.0 = Debug|Any CPU
		{2977074E-F2EC-4D23-9C06-76E783354371}.Release|Any CPU.ActiveCfg = Release|Any CPU
		{2977074E-F2EC-4D23-9C06-76E783354371}.Release|Any CPU.Build.0 = Release|Any CPU
		{39FC694B-1EEA-42DD-ABEB-61233D34C321}.Debug|Any CPU.ActiveCfg = Debug|Any CPU
		{39FC694B-1EEA-42DD-ABEB-61233D34C321}.Debug|Any CPU.Build.0 = Debug|Any CPU
		{39FC694B-1EEA-42DD-ABEB-61233D34C321}.Release|Any CPU.ActiveCfg = Release|Any CPU
		{39FC694B-1EEA-42DD-ABEB-61233D34C321}.Release|Any CPU.Build.0 = Release|Any CPU
		{9D9AA62D-69AE-439F-974A-BA8A71A7BEA0}.Debug|Any CPU.ActiveCfg = Debug|Any CPU
		{9D9AA62D-69AE-439F-974A-BA8A71A7BEA0}.Debug|Any CPU.Build.0 = Debug|Any CPU
		{9D9AA62D-69AE-439F-974A-BA8A71A7BEA0}.Release|Any CPU.ActiveCfg = Release|Any CPU
		{9D9AA62D-69AE-439F-974A-BA8A71A7BEA0}.Release|Any CPU.Build.0 = Release|Any CPU
	EndGlobalSection
	GlobalSection(SolutionProperties) = preSolution
		HideSolutionNode = FALSE
	EndGlobalSection
	GlobalSection(ExtensibilityGlobals) = postSolution
		SolutionGuid = {5D2423BD-D388-4ACE-9E26-38CC0714A3A3}
	EndGlobalSection
EndGlobal
